
Microsoft Visual Studio Solution File, Format Version 12.00
# Visual Studio Version 17
VisualStudioVersion = 17.3.32825.248
MinimumVisualStudioVersion = 10.0.40219.1
Project("{FAE04EC0-301F-11D3-BF4B-00C04F79EFBC}") = "DZ_6", "DZ_6.csproj", "{1381EDED-5325-484E-ACC4-0F49E443D958}"
EndProject
Project("{2150E333-8FDC-42A3-9474-1A3956D46DE8}") = "Элементы решения", "Элементы решения", "{AD14BE77-25DC-48D3-9EB3-635CF0F1CE39}"
	ProjectSection(SolutionItems) = preProject
		DodatokJSON.json = DodatokJSON.json
	EndProjectSection
EndProject
Global
	GlobalSection(SolutionConfigurationPlatforms) = preSolution
		Debug|Any CPU = Debug|Any CPU
		Release|Any CPU = Release|Any CPU
	EndGlobalSection
	GlobalSection(ProjectConfigurationPlatforms) = postSolution
		{1381EDED-5325-484E-ACC4-0F49E443D958}.Debug|Any CPU.ActiveCfg = Debug|Any CPU
		{1381EDED-5325-484E-ACC4-0F49E443D958}.Debug|Any CPU.Build.0 = Debug|Any CPU
		{1381EDED-5325-484E-ACC4-0F49E443D958}.Release|Any CPU.ActiveCfg = Release|Any CPU
		{1381EDED-5325-484E-ACC4-0F49E443D958}.Release|Any CPU.Build.0 = Release|Any CPU
	EndGlobalSection
	GlobalSection(SolutionProperties) = preSolution
		HideSolutionNode = FALSE
	EndGlobalSection
	GlobalSection(ExtensibilityGlobals) = postSolution
		SolutionGuid = {7EE8A8E4-E1CE-430D-9546-8E322A2BD113}
	EndGlobalSection
EndGlobal
